// !$*UTF8*$!
{
	archiveVersion = 1;
	classes = {
	};
	objectVersion = 46;
	objects = {

/* Begin PBXBuildFile section */
		EFA8A1E3145857D100690D27 /* www in Resources */ = {isa = PBXBuildFile; fileRef = EFA8A1E2145857D100690D27 /* www */; };
		EFD1F0891457B80E00DC2893 /* Foundation.framework in Frameworks */ = {isa = PBXBuildFile; fileRef = EFD1F0881457B80E00DC2893 /* Foundation.framework */; };
		EFD1F08B1457B80E00DC2893 /* UIKit.framework in Frameworks */ = {isa = PBXBuildFile; fileRef = EFD1F08A1457B80E00DC2893 /* UIKit.framework */; };
		EFD1F08D1457B80E00DC2893 /* CoreGraphics.framework in Frameworks */ = {isa = PBXBuildFile; fileRef = EFD1F08C1457B80E00DC2893 /* CoreGraphics.framework */; };
		EFD1F08F1457B80E00DC2893 /* AddressBook.framework in Frameworks */ = {isa = PBXBuildFile; fileRef = EFD1F08E1457B80E00DC2893 /* AddressBook.framework */; };
		EFD1F0911457B80E00DC2893 /* AddressBookUI.framework in Frameworks */ = {isa = PBXBuildFile; fileRef = EFD1F0901457B80E00DC2893 /* AddressBookUI.framework */; };
		EFD1F0931457B80E00DC2893 /* AudioToolbox.framework in Frameworks */ = {isa = PBXBuildFile; fileRef = EFD1F0921457B80E00DC2893 /* AudioToolbox.framework */; };
		EFD1F0951457B80E00DC2893 /* AVFoundation.framework in Frameworks */ = {isa = PBXBuildFile; fileRef = EFD1F0941457B80E00DC2893 /* AVFoundation.framework */; };
		EFD1F0971457B80E00DC2893 /* CoreLocation.framework in Frameworks */ = {isa = PBXBuildFile; fileRef = EFD1F0961457B80E00DC2893 /* CoreLocation.framework */; };
		EFD1F0991457B80E00DC2893 /* MediaPlayer.framework in Frameworks */ = {isa = PBXBuildFile; fileRef = EFD1F0981457B80E00DC2893 /* MediaPlayer.framework */; };
		EFD1F09B1457B80E00DC2893 /* QuartzCore.framework in Frameworks */ = {isa = PBXBuildFile; fileRef = EFD1F09A1457B80E00DC2893 /* QuartzCore.framework */; };
		EFD1F09D1457B80E00DC2893 /* SystemConfiguration.framework in Frameworks */ = {isa = PBXBuildFile; fileRef = EFD1F09C1457B80E00DC2893 /* SystemConfiguration.framework */; };
		EFD1F09F1457B80E00DC2893 /* MobileCoreServices.framework in Frameworks */ = {isa = PBXBuildFile; fileRef = EFD1F09E1457B80E00DC2893 /* MobileCoreServices.framework */; };
		EFD1F0A11457B80E00DC2893 /* CoreMedia.framework in Frameworks */ = {isa = PBXBuildFile; fileRef = EFD1F0A01457B80E00DC2893 /* CoreMedia.framework */; };
		EFD1F0A71457B80E00DC2893 /* InfoPlist.strings in Resources */ = {isa = PBXBuildFile; fileRef = EFD1F0A51457B80E00DC2893 /* InfoPlist.strings */; };
		EFD1F0AA1457B80E00DC2893 /* main.m in Sources */ = {isa = PBXBuildFile; fileRef = EFD1F0A91457B80E00DC2893 /* main.m */; };
		EFD1F0AC1457B80E00DC2893 /* PhoneGap.framework in Frameworks */ = {isa = PBXBuildFile; fileRef = EFD1F0AB1457B80E00DC2893 /* PhoneGap.framework */; };
		EFD1F0B11457B80E00DC2893 /* Localizable.strings in Resources */ = {isa = PBXBuildFile; fileRef = EFD1F0AF1457B80E00DC2893 /* Localizable.strings */; };
		EFD1F0B51457B80E00DC2893 /* Localizable.strings in Resources */ = {isa = PBXBuildFile; fileRef = EFD1F0B31457B80E00DC2893 /* Localizable.strings */; };
		EFD1F0B81457B80E00DC2893 /* icon.png in Resources */ = {isa = PBXBuildFile; fileRef = EFD1F0B71457B80E00DC2893 /* icon.png */; };
		EFD1F0BA1457B80E00DC2893 /* icon@2x.png in Resources */ = {isa = PBXBuildFile; fileRef = EFD1F0B91457B80E00DC2893 /* icon@2x.png */; };
		EFD1F0BC1457B80E00DC2893 /* icon-72.png in Resources */ = {isa = PBXBuildFile; fileRef = EFD1F0BB1457B80E00DC2893 /* icon-72.png */; };
		EFD1F0BF1457B80E00DC2893 /* Default.png in Resources */ = {isa = PBXBuildFile; fileRef = EFD1F0BE1457B80E00DC2893 /* Default.png */; };
		EFD1F0C11457B80E00DC2893 /* Default@2x.png in Resources */ = {isa = PBXBuildFile; fileRef = EFD1F0C01457B80E00DC2893 /* Default@2x.png */; };
		EFD1F0C31457B80E00DC2893 /* Capture.bundle in Resources */ = {isa = PBXBuildFile; fileRef = EFD1F0C21457B80E00DC2893 /* Capture.bundle */; };
		EFD1F0C51457B80E00DC2893 /* PhoneGap.plist in Resources */ = {isa = PBXBuildFile; fileRef = EFD1F0C41457B80E00DC2893 /* PhoneGap.plist */; };
		EFD1F0C91457B80E00DC2893 /* AppDelegate.m in Sources */ = {isa = PBXBuildFile; fileRef = EFD1F0C81457B80E00DC2893 /* AppDelegate.m */; };
/* End PBXBuildFile section */

/* Begin PBXFileReference section */
		EFA8A1E2145857D100690D27 /* www */ = {isa = PBXFileReference; lastKnownFileType = folder; path = www; sourceTree = "<group>"; };
		EFD1F0841457B80E00DC2893 /* Accelerometer.app */ = {isa = PBXFileReference; explicitFileType = wrapper.application; includeInIndex = 0; path = Accelerometer.app; sourceTree = BUILT_PRODUCTS_DIR; };
		EFD1F0881457B80E00DC2893 /* Foundation.framework */ = {isa = PBXFileReference; lastKnownFileType = wrapper.framework; name = Foundation.framework; path = System/Library/Frameworks/Foundation.framework; sourceTree = SDKROOT; };
		EFD1F08A1457B80E00DC2893 /* UIKit.framework */ = {isa = PBXFileReference; lastKnownFileType = wrapper.framework; name = UIKit.framework; path = System/Library/Frameworks/UIKit.framework; sourceTree = SDKROOT; };
		EFD1F08C1457B80E00DC2893 /* CoreGraphics.framework */ = {isa = PBXFileReference; lastKnownFileType = wrapper.framework; name = CoreGraphics.framework; path = System/Library/Frameworks/CoreGraphics.framework; sourceTree = SDKROOT; };
		EFD1F08E1457B80E00DC2893 /* AddressBook.framework */ = {isa = PBXFileReference; lastKnownFileType = wrapper.framework; name = AddressBook.framework; path = System/Library/Frameworks/AddressBook.framework; sourceTree = SDKROOT; };
		EFD1F0901457B80E00DC2893 /* AddressBookUI.framework */ = {isa = PBXFileReference; lastKnownFileType = wrapper.framework; name = AddressBookUI.framework; path = System/Library/Frameworks/AddressBookUI.framework; sourceTree = SDKROOT; };
		EFD1F0921457B80E00DC2893 /* AudioToolbox.framework */ = {isa = PBXFileReference; lastKnownFileType = wrapper.framework; name = AudioToolbox.framework; path = System/Library/Frameworks/AudioToolbox.framework; sourceTree = SDKROOT; };
		EFD1F0941457B80E00DC2893 /* AVFoundation.framework */ = {isa = PBXFileReference; lastKnownFileType = wrapper.framework; name = AVFoundation.framework; path = System/Library/Frameworks/AVFoundation.framework; sourceTree = SDKROOT; };
		EFD1F0961457B80E00DC2893 /* CoreLocation.framework */ = {isa = PBXFileReference; lastKnownFileType = wrapper.framework; name = CoreLocation.framework; path = System/Library/Frameworks/CoreLocation.framework; sourceTree = SDKROOT; };
		EFD1F0981457B80E00DC2893 /* MediaPlayer.framework */ = {isa = PBXFileReference; lastKnownFileType = wrapper.framework; name = MediaPlayer.framework; path = System/Library/Frameworks/MediaPlayer.framework; sourceTree = SDKROOT; };
		EFD1F09A1457B80E00DC2893 /* QuartzCore.framework */ = {isa = PBXFileReference; lastKnownFileType = wrapper.framework; name = QuartzCore.framework; path = System/Library/Frameworks/QuartzCore.framework; sourceTree = SDKROOT; };
		EFD1F09C1457B80E00DC2893 /* SystemConfiguration.framework */ = {isa = PBXFileReference; lastKnownFileType = wrapper.framework; name = SystemConfiguration.framework; path = System/Library/Frameworks/SystemConfiguration.framework; sourceTree = SDKROOT; };
		EFD1F09E1457B80E00DC2893 /* MobileCoreServices.framework */ = {isa = PBXFileReference; lastKnownFileType = wrapper.framework; name = MobileCoreServices.framework; path = System/Library/Frameworks/MobileCoreServices.framework; sourceTree = SDKROOT; };
		EFD1F0A01457B80E00DC2893 /* CoreMedia.framework */ = {isa = PBXFileReference; lastKnownFileType = wrapper.framework; name = CoreMedia.framework; path = System/Library/Frameworks/CoreMedia.framework; sourceTree = SDKROOT; };
		EFD1F0A41457B80E00DC2893 /* Accelerometer-Info.plist */ = {isa = PBXFileReference; lastKnownFileType = text.plist.xml; path = "Accelerometer-Info.plist"; sourceTree = "<group>"; };
		EFD1F0A61457B80E00DC2893 /* en */ = {isa = PBXFileReference; lastKnownFileType = text.plist.strings; name = en; path = en.lproj/InfoPlist.strings; sourceTree = "<group>"; };
		EFD1F0A81457B80E00DC2893 /* Accelerometer-Prefix.pch */ = {isa = PBXFileReference; lastKnownFileType = sourcecode.c.h; path = "Accelerometer-Prefix.pch"; sourceTree = "<group>"; };
		EFD1F0A91457B80E00DC2893 /* main.m */ = {isa = PBXFileReference; lastKnownFileType = sourcecode.c.objc; path = main.m; sourceTree = "<group>"; };
		EFD1F0AB1457B80E00DC2893 /* PhoneGap.framework */ = {isa = PBXFileReference; lastKnownFileType = wrapper.framework; name = PhoneGap.framework; path = /Users/Shared/PhoneGap/Frameworks/PhoneGap.framework; sourceTree = "<absolute>"; };
		EFD1F0B01457B80E00DC2893 /* en */ = {isa = PBXFileReference; lastKnownFileType = text.plist.strings; name = en; path = Resources/en.lproj/Localizable.strings; sourceTree = "<group>"; };
		EFD1F0B41457B80E00DC2893 /* es */ = {isa = PBXFileReference; lastKnownFileType = text.plist.strings; name = es; path = Resources/es.lproj/Localizable.strings; sourceTree = "<group>"; };
		EFD1F0B71457B80E00DC2893 /* icon.png */ = {isa = PBXFileReference; lastKnownFileType = image.png; name = icon.png; path = Resources/icons/icon.png; sourceTree = "<group>"; };
		EFD1F0B91457B80E00DC2893 /* icon@2x.png */ = {isa = PBXFileReference; lastKnownFileType = image.png; name = "icon@2x.png"; path = "Resources/icons/icon@2x.png"; sourceTree = "<group>"; };
		EFD1F0BB1457B80E00DC2893 /* icon-72.png */ = {isa = PBXFileReference; lastKnownFileType = image.png; name = "icon-72.png"; path = "Resources/icons/icon-72.png"; sourceTree = "<group>"; };
		EFD1F0BE1457B80E00DC2893 /* Default.png */ = {isa = PBXFileReference; lastKnownFileType = image.png; name = Default.png; path = Resources/splash/Default.png; sourceTree = "<group>"; };
		EFD1F0C01457B80E00DC2893 /* Default@2x.png */ = {isa = PBXFileReference; lastKnownFileType = image.png; name = "Default@2x.png"; path = "Resources/splash/Default@2x.png"; sourceTree = "<group>"; };
		EFD1F0C21457B80E00DC2893 /* Capture.bundle */ = {isa = PBXFileReference; lastKnownFileType = "wrapper.plug-in"; name = Capture.bundle; path = Resources/Capture.bundle; sourceTree = "<group>"; };
		EFD1F0C41457B80E00DC2893 /* PhoneGap.plist */ = {isa = PBXFileReference; lastKnownFileType = text.plist.xml; path = PhoneGap.plist; sourceTree = "<group>"; };
		EFD1F0C71457B80E00DC2893 /* AppDelegate.h */ = {isa = PBXFileReference; lastKnownFileType = sourcecode.c.h; name = AppDelegate.h; path = Classes/AppDelegate.h; sourceTree = "<group>"; };
		EFD1F0C81457B80E00DC2893 /* AppDelegate.m */ = {isa = PBXFileReference; lastKnownFileType = sourcecode.c.objc; name = AppDelegate.m; path = Classes/AppDelegate.m; sourceTree = "<group>"; };
		EFD1F0CB1457B80E00DC2893 /* README */ = {isa = PBXFileReference; lastKnownFileType = text; name = README; path = Plugins/README; sourceTree = "<group>"; };
/* End PBXFileReference section */

/* Begin PBXFrameworksBuildPhase section */
		EFD1F07E1457B80E00DC2893 /* Frameworks */ = {
			isa = PBXFrameworksBuildPhase;
			buildActionMask = 2147483647;
			files = (
				EFD1F0891457B80E00DC2893 /* Foundation.framework in Frameworks */,
				EFD1F08B1457B80E00DC2893 /* UIKit.framework in Frameworks */,
				EFD1F08D1457B80E00DC2893 /* CoreGraphics.framework in Frameworks */,
				EFD1F08F1457B80E00DC2893 /* AddressBook.framework in Frameworks */,
				EFD1F0911457B80E00DC2893 /* AddressBookUI.framework in Frameworks */,
				EFD1F0931457B80E00DC2893 /* AudioToolbox.framework in Frameworks */,
				EFD1F0951457B80E00DC2893 /* AVFoundation.framework in Frameworks */,
				EFD1F0971457B80E00DC2893 /* CoreLocation.framework in Frameworks */,
				EFD1F0991457B80E00DC2893 /* MediaPlayer.framework in Frameworks */,
				EFD1F09B1457B80E00DC2893 /* QuartzCore.framework in Frameworks */,
				EFD1F09D1457B80E00DC2893 /* SystemConfiguration.framework in Frameworks */,
				EFD1F09F1457B80E00DC2893 /* MobileCoreServices.framework in Frameworks */,
				EFD1F0A11457B80E00DC2893 /* CoreMedia.framework in Frameworks */,
				EFD1F0AC1457B80E00DC2893 /* PhoneGap.framework in Frameworks */,
			);
			runOnlyForDeploymentPostprocessing = 0;
		};
		EFD1F0811457B80E00DC2893 /* Frameworks */ = {
			isa = PBXFrameworksBuildPhase;
			buildActionMask = 2147483647;
			files = (
			);
			runOnlyForDeploymentPostprocessing = 0;
		};
/* End PBXFrameworksBuildPhase section */

/* Begin PBXGroup section */
		EFD1F0761457B80E00DC2893 = {
			isa = PBXGroup;
			children = (
				EFA8A1E2145857D100690D27 /* www */,
				EFD1F0A21457B80E00DC2893 /* Accelerometer */,
				EFD1F0871457B80E00DC2893 /* Frameworks */,
				EFD1F0851457B80E00DC2893 /* Products */,
			);
			sourceTree = "<group>";
		};
		EFD1F0851457B80E00DC2893 /* Products */ = {
			isa = PBXGroup;
			children = (
				EFD1F0841457B80E00DC2893 /* Accelerometer.app */,
			);
			name = Products;
			sourceTree = "<group>";
		};
		EFD1F0871457B80E00DC2893 /* Frameworks */ = {
			isa = PBXGroup;
			children = (
				EFD1F0881457B80E00DC2893 /* Foundation.framework */,
				EFD1F08A1457B80E00DC2893 /* UIKit.framework */,
				EFD1F08C1457B80E00DC2893 /* CoreGraphics.framework */,
				EFD1F08E1457B80E00DC2893 /* AddressBook.framework */,
				EFD1F0901457B80E00DC2893 /* AddressBookUI.framework */,
				EFD1F0921457B80E00DC2893 /* AudioToolbox.framework */,
				EFD1F0941457B80E00DC2893 /* AVFoundation.framework */,
				EFD1F0961457B80E00DC2893 /* CoreLocation.framework */,
				EFD1F0981457B80E00DC2893 /* MediaPlayer.framework */,
				EFD1F09A1457B80E00DC2893 /* QuartzCore.framework */,
				EFD1F09C1457B80E00DC2893 /* SystemConfiguration.framework */,
				EFD1F09E1457B80E00DC2893 /* MobileCoreServices.framework */,
				EFD1F0A01457B80E00DC2893 /* CoreMedia.framework */,
			);
			name = Frameworks;
			sourceTree = "<group>";
		};
		EFD1F0A21457B80E00DC2893 /* Accelerometer */ = {
			isa = PBXGroup;
			children = (
				EFD1F0AB1457B80E00DC2893 /* PhoneGap.framework */,
				EFD1F0AD1457B80E00DC2893 /* Resources */,
				EFD1F0C61457B80E00DC2893 /* Classes */,
				EFD1F0CA1457B80E00DC2893 /* Plugins */,
				EFD1F0A31457B80E00DC2893 /* Supporting Files */,
			);
			path = Accelerometer;
			sourceTree = "<group>";
		};
		EFD1F0A31457B80E00DC2893 /* Supporting Files */ = {
			isa = PBXGroup;
			children = (
				EFD1F0A41457B80E00DC2893 /* Accelerometer-Info.plist */,
				EFD1F0A51457B80E00DC2893 /* InfoPlist.strings */,
				EFD1F0A81457B80E00DC2893 /* Accelerometer-Prefix.pch */,
				EFD1F0A91457B80E00DC2893 /* main.m */,
				EFD1F0C41457B80E00DC2893 /* PhoneGap.plist */,
			);
			name = "Supporting Files";
			sourceTree = "<group>";
		};
		EFD1F0AD1457B80E00DC2893 /* Resources */ = {
			isa = PBXGroup;
			children = (
				EFD1F0C21457B80E00DC2893 /* Capture.bundle */,
				EFD1F0AE1457B80E00DC2893 /* en.lproj */,
				EFD1F0B21457B80E00DC2893 /* es.lproj */,
				EFD1F0B61457B80E00DC2893 /* icons */,
				EFD1F0BD1457B80E00DC2893 /* splash */,
			);
			name = Resources;
			sourceTree = "<group>";
		};
		EFD1F0AE1457B80E00DC2893 /* en.lproj */ = {
			isa = PBXGroup;
			children = (
				EFD1F0AF1457B80E00DC2893 /* Localizable.strings */,
			);
			name = en.lproj;
			sourceTree = "<group>";
		};
		EFD1F0B21457B80E00DC2893 /* es.lproj */ = {
			isa = PBXGroup;
			children = (
				EFD1F0B31457B80E00DC2893 /* Localizable.strings */,
			);
			name = es.lproj;
			sourceTree = "<group>";
		};
		EFD1F0B61457B80E00DC2893 /* icons */ = {
			isa = PBXGroup;
			children = (
				EFD1F0B71457B80E00DC2893 /* icon.png */,
				EFD1F0B91457B80E00DC2893 /* icon@2x.png */,
				EFD1F0BB1457B80E00DC2893 /* icon-72.png */,
			);
			name = icons;
			sourceTree = "<group>";
		};
		EFD1F0BD1457B80E00DC2893 /* splash */ = {
			isa = PBXGroup;
			children = (
				EFD1F0BE1457B80E00DC2893 /* Default.png */,
				EFD1F0C01457B80E00DC2893 /* Default@2x.png */,
			);
			name = splash;
			sourceTree = "<group>";
		};
		EFD1F0C61457B80E00DC2893 /* Classes */ = {
			isa = PBXGroup;
			children = (
				EFD1F0C71457B80E00DC2893 /* AppDelegate.h */,
				EFD1F0C81457B80E00DC2893 /* AppDelegate.m */,
			);
			name = Classes;
			sourceTree = "<group>";
		};
		EFD1F0CA1457B80E00DC2893 /* Plugins */ = {
			isa = PBXGroup;
			children = (
				EFD1F0CB1457B80E00DC2893 /* README */,
			);
			name = Plugins;
			sourceTree = "<group>";
		};
/* End PBXGroup section */

/* Begin PBXNativeTarget section */
		EFD1F0831457B80E00DC2893 /* Accelerometer */ = {
			isa = PBXNativeTarget;
			buildConfigurationList = EFD1F0CE1457B80E00DC2893 /* Build configuration list for PBXNativeTarget "Accelerometer" */;
			buildPhases = (
				EFD1F07D1457B80E00DC2893 /* Sources */,
				EFD1F07E1457B80E00DC2893 /* Frameworks */,
				EFD1F07F1457B80E00DC2893 /* Resources */,
				EFD1F0801457B80E00DC2893 /* Sources */,
				EFD1F0811457B80E00DC2893 /* Frameworks */,
				EFD1F0821457B80E00DC2893 /* ShellScript */,
			);
			buildRules = (
			);
			dependencies = (
			);
			name = Accelerometer;
			productName = Accelerometer;
			productReference = EFD1F0841457B80E00DC2893 /* Accelerometer.app */;
			productType = "com.apple.product-type.application";
		};
/* End PBXNativeTarget section */

/* Begin PBXProject section */
		EFD1F0781457B80E00DC2893 /* Project object */ = {
			isa = PBXProject;
			buildConfigurationList = EFD1F07B1457B80E00DC2893 /* Build configuration list for PBXProject "Accelerometer" */;
			compatibilityVersion = "Xcode 3.2";
			developmentRegion = English;
			hasScannedForEncodings = 0;
			knownRegions = (
				en,
				es,
			);
			mainGroup = EFD1F0761457B80E00DC2893;
			productRefGroup = EFD1F0851457B80E00DC2893 /* Products */;
			projectDirPath = "";
			projectRoot = "";
			targets = (
				EFD1F0831457B80E00DC2893 /* Accelerometer */,
			);
		};
/* End PBXProject section */

/* Begin PBXResourcesBuildPhase section */
		EFD1F07F1457B80E00DC2893 /* Resources */ = {
			isa = PBXResourcesBuildPhase;
			buildActionMask = 2147483647;
			files = (
				EFD1F0A71457B80E00DC2893 /* InfoPlist.strings in Resources */,
				EFD1F0B11457B80E00DC2893 /* Localizable.strings in Resources */,
				EFD1F0B51457B80E00DC2893 /* Localizable.strings in Resources */,
				EFD1F0B81457B80E00DC2893 /* icon.png in Resources */,
				EFD1F0BA1457B80E00DC2893 /* icon@2x.png in Resources */,
				EFD1F0BC1457B80E00DC2893 /* icon-72.png in Resources */,
				EFD1F0BF1457B80E00DC2893 /* Default.png in Resources */,
				EFD1F0C11457B80E00DC2893 /* Default@2x.png in Resources */,
				EFD1F0C31457B80E00DC2893 /* Capture.bundle in Resources */,
				EFD1F0C51457B80E00DC2893 /* PhoneGap.plist in Resources */,
				EFA8A1E3145857D100690D27 /* www in Resources */,
			);
			runOnlyForDeploymentPostprocessing = 0;
		};
/* End PBXResourcesBuildPhase section */

/* Begin PBXShellScriptBuildPhase section */
		EFD1F0821457B80E00DC2893 /* ShellScript */ = {
			isa = PBXShellScriptBuildPhase;
			buildActionMask = 2147483647;
			files = (
			);
			inputPaths = (
			);
			outputPaths = (
			);
			runOnlyForDeploymentPostprocessing = 0;
			shellPath = /bin/bash;
			shellScript = "\n\t\t\t\t\t\t\t\tif [ ! -d \"$PROJECT_DIR/www\" ] ; then\n\t\t\t\t\t\t\t\t\tcp -R /Users/Shared/PhoneGap/Frameworks/PhoneGap.framework/www \"$PROJECT_DIR\"\n\t\t\t\t\t\t\t\tfi\n\t\t\t\t\t\t\t\t# detect www folder reference in project, if missing, print warning\n\t\t\t\t\t\t\t\tgrep \"{isa = PBXFileReference; lastKnownFileType = folder; path = www; sourceTree = \\\"<group>\\\"; };\" \"$PROJECT_DIR/$PROJECT_NAME.xcodeproj/project.pbxproj\"\n\t\t\t\t\t\t\t\trc=$? \n\t\t\t\t\t\t\t\tif [ $rc != 0 ] ; then\n\t\t\t\t\t\t\t\techo -e \"warning: Missing - Add $PROJECT_DIR/www as a folder reference in your project. Just drag and drop the folder into your project, into the Project Navigator of Xcode 4. Make sure you select the second radio-button: 'Create folder references for any added folders' (which will create a blue folder)\" 1>&2\n\t\t\t\t\t\t\t\tfi\t\t\t\t\t\t\t";
		};
/* End PBXShellScriptBuildPhase section */

/* Begin PBXSourcesBuildPhase section */
		EFD1F07D1457B80E00DC2893 /* Sources */ = {
			isa = PBXSourcesBuildPhase;
			buildActionMask = 2147483647;
			files = (
				EFD1F0AA1457B80E00DC2893 /* main.m in Sources */,
				EFD1F0C91457B80E00DC2893 /* AppDelegate.m in Sources */,
			);
			runOnlyForDeploymentPostprocessing = 0;
		};
		EFD1F0801457B80E00DC2893 /* Sources */ = {
			isa = PBXSourcesBuildPhase;
			buildActionMask = 2147483647;
			files = (
			);
			runOnlyForDeploymentPostprocessing = 0;
		};
/* End PBXSourcesBuildPhase section */

/* Begin PBXVariantGroup section */
		EFD1F0A51457B80E00DC2893 /* InfoPlist.strings */ = {
			isa = PBXVariantGroup;
			children = (
				EFD1F0A61457B80E00DC2893 /* en */,
			);
			name = InfoPlist.strings;
			sourceTree = "<group>";
		};
		EFD1F0AF1457B80E00DC2893 /* Localizable.strings */ = {
			isa = PBXVariantGroup;
			children = (
				EFD1F0B01457B80E00DC2893 /* en */,
			);
			name = Localizable.strings;
			sourceTree = "<group>";
		};
		EFD1F0B31457B80E00DC2893 /* Localizable.strings */ = {
			isa = PBXVariantGroup;
			children = (
				EFD1F0B41457B80E00DC2893 /* es */,
			);
			name = Localizable.strings;
			sourceTree = "<group>";
		};
/* End PBXVariantGroup section */

/* Begin XCBuildConfiguration section */
		EFD1F0CC1457B80E00DC2893 /* Debug */ = {
			isa = XCBuildConfiguration;
			buildSettings = {
				ARCHS = "$(ARCHS_STANDARD_32_BIT)";
				"CODE_SIGN_IDENTITY[sdk=iphoneos*]" = "iPhone Developer";
				GCC_C_LANGUAGE_STANDARD = gnu99;
				GCC_OPTIMIZATION_LEVEL = 0;
				GCC_PREPROCESSOR_DEFINITIONS = DEBUG;
				GCC_SYMBOLS_PRIVATE_EXTERN = NO;
				GCC_VERSION = com.apple.compilers.llvmgcc42;
				GCC_WARN_ABOUT_RETURN_TYPE = YES;
				GCC_WARN_UNUSED_VARIABLE = YES;
				IPHONEOS_DEPLOYMENT_TARGET = 3.0;
				SDKROOT = iphoneos;
			};
			name = Debug;
		};
		EFD1F0CD1457B80E00DC2893 /* Release */ = {
			isa = XCBuildConfiguration;
			buildSettings = {
				ARCHS = "$(ARCHS_STANDARD_32_BIT)";
				"CODE_SIGN_IDENTITY[sdk=iphoneos*]" = "iPhone Developer";
				GCC_C_LANGUAGE_STANDARD = gnu99;
				GCC_VERSION = com.apple.compilers.llvmgcc42;
				GCC_WARN_ABOUT_RETURN_TYPE = YES;
				GCC_WARN_UNUSED_VARIABLE = YES;
				IPHONEOS_DEPLOYMENT_TARGET = 3.0;
				SDKROOT = iphoneos;
			};
			name = Release;
		};
		EFD1F0CF1457B80E00DC2893 /* Debug */ = {
			isa = XCBuildConfiguration;
			buildSettings = {
				ALWAYS_SEARCH_USER_PATHS = YES;
				COPY_PHASE_STRIP = NO;
				FRAMEWORK_SEARCH_PATHS = /Users/Shared/PhoneGap/Frameworks;
				GCC_DYNAMIC_NO_PIC = NO;
				GCC_PRECOMPILE_PREFIX_HEADER = YES;
				GCC_PREFIX_HEADER = "Accelerometer/Accelerometer-Prefix.pch";
				GCC_PREPROCESSOR_DEFINITIONS = "PHONEGAP_FRAMEWORK=YES";
				INFOPLIST_FILE = "Accelerometer/Accelerometer-Info.plist";
				OTHER_LDFLAGS = (
					"-weak_framework",
					UIKit,
					"-weak_framework",
					AVFoundation,
					"-weak_framework",
					CoreMedia,
					"-weak_library",
					/usr/lib/libSystem.B.dylib,
				);
				PRODUCT_NAME = "$(TARGET_NAME)";
				TARGETED_DEVICE_FAMILY = "1,2";
				WRAPPER_EXTENSION = app;
			};
			name = Debug;
		};
		EFD1F0D01457B80E00DC2893 /* Release */ = {
			isa = XCBuildConfiguration;
			buildSettings = {
				ALWAYS_SEARCH_USER_PATHS = YES;
				COPY_PHASE_STRIP = YES;
				DEBUG_INFORMATION_FORMAT = "dwarf-with-dsym";
				FRAMEWORK_SEARCH_PATHS = /Users/Shared/PhoneGap/Frameworks;
				GCC_PRECOMPILE_PREFIX_HEADER = YES;
				GCC_PREFIX_HEADER = "Accelerometer/Accelerometer-Prefix.pch";
				GCC_PREPROCESSOR_DEFINITIONS = "PHONEGAP_FRAMEWORK=YES";
				INFOPLIST_FILE = "Accelerometer/Accelerometer-Info.plist";
				OTHER_LDFLAGS = (
					"-weak_framework",
					UIKit,
					"-weak_framework",
					AVFoundation,
					"-weak_framework",
					CoreMedia,
					"-weak_library",
					/usr/lib/libSystem.B.dylib,
				);
				PRODUCT_NAME = "$(TARGET_NAME)";
				TARGETED_DEVICE_FAMILY = "1,2";
				VALIDATE_PRODUCT = YES;
				WRAPPER_EXTENSION = app;
			};
			name = Release;
		};
/* End XCBuildConfiguration section */

/* Begin XCConfigurationList section */
		EFD1F07B1457B80E00DC2893 /* Build configuration list for PBXProject "Accelerometer" */ = {
			isa = XCConfigurationList;
			buildConfigurations = (
				EFD1F0CC1457B80E00DC2893 /* Debug */,
				EFD1F0CD1457B80E00DC2893 /* Release */,
			);
			defaultConfigurationIsVisible = 0;
			defaultConfigurationName = Release;
		};
		EFD1F0CE1457B80E00DC2893 /* Build configuration list for PBXNativeTarget "Accelerometer" */ = {
			isa = XCConfigurationList;
			buildConfigurations = (
				EFD1F0CF1457B80E00DC2893 /* Debug */,
				EFD1F0D01457B80E00DC2893 /* Release */,
			);
			defaultConfigurationIsVisible = 0;
			defaultConfigurationName = Release;
		};
/* End XCConfigurationList section */
	};
	rootObject = EFD1F0781457B80E00DC2893 /* Project object */;
}
