// !$*UTF8*$!
{
	archiveVersion = 1;
	classes = {
	};
	objectVersion = 46;
	objects = {

/* Begin PBXBuildFile section */
		EF1E0992144951F1006E9635 /* Foundation.framework in Frameworks */ = {isa = PBXBuildFile; fileRef = EF1E0991144951F1006E9635 /* Foundation.framework */; };
		EF1E0994144951F1006E9635 /* UIKit.framework in Frameworks */ = {isa = PBXBuildFile; fileRef = EF1E0993144951F1006E9635 /* UIKit.framework */; };
		EF1E0996144951F1006E9635 /* CoreGraphics.framework in Frameworks */ = {isa = PBXBuildFile; fileRef = EF1E0995144951F1006E9635 /* CoreGraphics.framework */; };
		EF1E0998144951F1006E9635 /* AddressBook.framework in Frameworks */ = {isa = PBXBuildFile; fileRef = EF1E0997144951F1006E9635 /* AddressBook.framework */; };
		EF1E099A144951F1006E9635 /* AddressBookUI.framework in Frameworks */ = {isa = PBXBuildFile; fileRef = EF1E0999144951F1006E9635 /* AddressBookUI.framework */; };
		EF1E099C144951F1006E9635 /* AudioToolbox.framework in Frameworks */ = {isa = PBXBuildFile; fileRef = EF1E099B144951F1006E9635 /* AudioToolbox.framework */; };
		EF1E099E144951F1006E9635 /* AVFoundation.framework in Frameworks */ = {isa = PBXBuildFile; fileRef = EF1E099D144951F1006E9635 /* AVFoundation.framework */; };
		EF1E09A0144951F1006E9635 /* CoreLocation.framework in Frameworks */ = {isa = PBXBuildFile; fileRef = EF1E099F144951F1006E9635 /* CoreLocation.framework */; };
		EF1E09A2144951F1006E9635 /* MediaPlayer.framework in Frameworks */ = {isa = PBXBuildFile; fileRef = EF1E09A1144951F1006E9635 /* MediaPlayer.framework */; };
		EF1E09A4144951F1006E9635 /* QuartzCore.framework in Frameworks */ = {isa = PBXBuildFile; fileRef = EF1E09A3144951F1006E9635 /* QuartzCore.framework */; };
		EF1E09A6144951F1006E9635 /* SystemConfiguration.framework in Frameworks */ = {isa = PBXBuildFile; fileRef = EF1E09A5144951F1006E9635 /* SystemConfiguration.framework */; };
		EF1E09A8144951F1006E9635 /* MobileCoreServices.framework in Frameworks */ = {isa = PBXBuildFile; fileRef = EF1E09A7144951F1006E9635 /* MobileCoreServices.framework */; };
		EF1E09AA144951F1006E9635 /* CoreMedia.framework in Frameworks */ = {isa = PBXBuildFile; fileRef = EF1E09A9144951F1006E9635 /* CoreMedia.framework */; };
		EF1E09B0144951F1006E9635 /* InfoPlist.strings in Resources */ = {isa = PBXBuildFile; fileRef = EF1E09AE144951F1006E9635 /* InfoPlist.strings */; };
		EF1E09B3144951F1006E9635 /* main.m in Sources */ = {isa = PBXBuildFile; fileRef = EF1E09B2144951F1006E9635 /* main.m */; };
		EF1E09B5144951F1006E9635 /* PhoneGap.framework in Frameworks */ = {isa = PBXBuildFile; fileRef = EF1E09B4144951F1006E9635 /* PhoneGap.framework */; };
		EF1E09BA144951F1006E9635 /* Localizable.strings in Resources */ = {isa = PBXBuildFile; fileRef = EF1E09B8144951F1006E9635 /* Localizable.strings */; };
		EF1E09BE144951F1006E9635 /* Localizable.strings in Resources */ = {isa = PBXBuildFile; fileRef = EF1E09BC144951F1006E9635 /* Localizable.strings */; };
		EF1E09C1144951F1006E9635 /* icon.png in Resources */ = {isa = PBXBuildFile; fileRef = EF1E09C0144951F1006E9635 /* icon.png */; };
		EF1E09C3144951F1006E9635 /* icon@2x.png in Resources */ = {isa = PBXBuildFile; fileRef = EF1E09C2144951F1006E9635 /* icon@2x.png */; };
		EF1E09C5144951F1006E9635 /* icon-72.png in Resources */ = {isa = PBXBuildFile; fileRef = EF1E09C4144951F1006E9635 /* icon-72.png */; };
		EF1E09C8144951F1006E9635 /* Default.png in Resources */ = {isa = PBXBuildFile; fileRef = EF1E09C7144951F1006E9635 /* Default.png */; };
		EF1E09CA144951F1006E9635 /* Default@2x.png in Resources */ = {isa = PBXBuildFile; fileRef = EF1E09C9144951F1006E9635 /* Default@2x.png */; };
		EF1E09CC144951F1006E9635 /* Capture.bundle in Resources */ = {isa = PBXBuildFile; fileRef = EF1E09CB144951F1006E9635 /* Capture.bundle */; };
		EF1E09CE144951F1006E9635 /* PhoneGap.plist in Resources */ = {isa = PBXBuildFile; fileRef = EF1E09CD144951F1006E9635 /* PhoneGap.plist */; };
		EF1E09D2144951F1006E9635 /* AppDelegate.m in Sources */ = {isa = PBXBuildFile; fileRef = EF1E09D1144951F1006E9635 /* AppDelegate.m */; };
		EF1E09DB14495245006E9635 /* www in Resources */ = {isa = PBXBuildFile; fileRef = EF1E09DA14495245006E9635 /* www */; };
/* End PBXBuildFile section */

/* Begin PBXFileReference section */
		EF1E098D144951F1006E9635 /* MindTheGap.app */ = {isa = PBXFileReference; explicitFileType = wrapper.application; includeInIndex = 0; path = MindTheGap.app; sourceTree = BUILT_PRODUCTS_DIR; };
		EF1E0991144951F1006E9635 /* Foundation.framework */ = {isa = PBXFileReference; lastKnownFileType = wrapper.framework; name = Foundation.framework; path = System/Library/Frameworks/Foundation.framework; sourceTree = SDKROOT; };
		EF1E0993144951F1006E9635 /* UIKit.framework */ = {isa = PBXFileReference; lastKnownFileType = wrapper.framework; name = UIKit.framework; path = System/Library/Frameworks/UIKit.framework; sourceTree = SDKROOT; };
		EF1E0995144951F1006E9635 /* CoreGraphics.framework */ = {isa = PBXFileReference; lastKnownFileType = wrapper.framework; name = CoreGraphics.framework; path = System/Library/Frameworks/CoreGraphics.framework; sourceTree = SDKROOT; };
		EF1E0997144951F1006E9635 /* AddressBook.framework */ = {isa = PBXFileReference; lastKnownFileType = wrapper.framework; name = AddressBook.framework; path = System/Library/Frameworks/AddressBook.framework; sourceTree = SDKROOT; };
		EF1E0999144951F1006E9635 /* AddressBookUI.framework */ = {isa = PBXFileReference; lastKnownFileType = wrapper.framework; name = AddressBookUI.framework; path = System/Library/Frameworks/AddressBookUI.framework; sourceTree = SDKROOT; };
		EF1E099B144951F1006E9635 /* AudioToolbox.framework */ = {isa = PBXFileReference; lastKnownFileType = wrapper.framework; name = AudioToolbox.framework; path = System/Library/Frameworks/AudioToolbox.framework; sourceTree = SDKROOT; };
		EF1E099D144951F1006E9635 /* AVFoundation.framework */ = {isa = PBXFileReference; lastKnownFileType = wrapper.framework; name = AVFoundation.framework; path = System/Library/Frameworks/AVFoundation.framework; sourceTree = SDKROOT; };
		EF1E099F144951F1006E9635 /* CoreLocation.framework */ = {isa = PBXFileReference; lastKnownFileType = wrapper.framework; name = CoreLocation.framework; path = System/Library/Frameworks/CoreLocation.framework; sourceTree = SDKROOT; };
		EF1E09A1144951F1006E9635 /* MediaPlayer.framework */ = {isa = PBXFileReference; lastKnownFileType = wrapper.framework; name = MediaPlayer.framework; path = System/Library/Frameworks/MediaPlayer.framework; sourceTree = SDKROOT; };
		EF1E09A3144951F1006E9635 /* QuartzCore.framework */ = {isa = PBXFileReference; lastKnownFileType = wrapper.framework; name = QuartzCore.framework; path = System/Library/Frameworks/QuartzCore.framework; sourceTree = SDKROOT; };
		EF1E09A5144951F1006E9635 /* SystemConfiguration.framework */ = {isa = PBXFileReference; lastKnownFileType = wrapper.framework; name = SystemConfiguration.framework; path = System/Library/Frameworks/SystemConfiguration.framework; sourceTree = SDKROOT; };
		EF1E09A7144951F1006E9635 /* MobileCoreServices.framework */ = {isa = PBXFileReference; lastKnownFileType = wrapper.framework; name = MobileCoreServices.framework; path = System/Library/Frameworks/MobileCoreServices.framework; sourceTree = SDKROOT; };
		EF1E09A9144951F1006E9635 /* CoreMedia.framework */ = {isa = PBXFileReference; lastKnownFileType = wrapper.framework; name = CoreMedia.framework; path = System/Library/Frameworks/CoreMedia.framework; sourceTree = SDKROOT; };
		EF1E09AD144951F1006E9635 /* MindTheGap-Info.plist */ = {isa = PBXFileReference; lastKnownFileType = text.plist.xml; path = "MindTheGap-Info.plist"; sourceTree = "<group>"; };
		EF1E09AF144951F1006E9635 /* en */ = {isa = PBXFileReference; lastKnownFileType = text.plist.strings; name = en; path = en.lproj/InfoPlist.strings; sourceTree = "<group>"; };
		EF1E09B1144951F1006E9635 /* MindTheGap-Prefix.pch */ = {isa = PBXFileReference; lastKnownFileType = sourcecode.c.h; path = "MindTheGap-Prefix.pch"; sourceTree = "<group>"; };
		EF1E09B2144951F1006E9635 /* main.m */ = {isa = PBXFileReference; lastKnownFileType = sourcecode.c.objc; path = main.m; sourceTree = "<group>"; };
		EF1E09B4144951F1006E9635 /* PhoneGap.framework */ = {isa = PBXFileReference; lastKnownFileType = wrapper.framework; name = PhoneGap.framework; path = /Users/Shared/PhoneGap/Frameworks/PhoneGap.framework; sourceTree = "<absolute>"; };
		EF1E09B9144951F1006E9635 /* en */ = {isa = PBXFileReference; lastKnownFileType = text.plist.strings; name = en; path = Resources/en.lproj/Localizable.strings; sourceTree = "<group>"; };
		EF1E09BD144951F1006E9635 /* es */ = {isa = PBXFileReference; lastKnownFileType = text.plist.strings; name = es; path = Resources/es.lproj/Localizable.strings; sourceTree = "<group>"; };
		EF1E09C0144951F1006E9635 /* icon.png */ = {isa = PBXFileReference; lastKnownFileType = image.png; name = icon.png; path = Resources/icons/icon.png; sourceTree = "<group>"; };
		EF1E09C2144951F1006E9635 /* icon@2x.png */ = {isa = PBXFileReference; lastKnownFileType = image.png; name = "icon@2x.png"; path = "Resources/icons/icon@2x.png"; sourceTree = "<group>"; };
		EF1E09C4144951F1006E9635 /* icon-72.png */ = {isa = PBXFileReference; lastKnownFileType = image.png; name = "icon-72.png"; path = "Resources/icons/icon-72.png"; sourceTree = "<group>"; };
		EF1E09C7144951F1006E9635 /* Default.png */ = {isa = PBXFileReference; lastKnownFileType = image.png; name = Default.png; path = Resources/splash/Default.png; sourceTree = "<group>"; };
		EF1E09C9144951F1006E9635 /* Default@2x.png */ = {isa = PBXFileReference; lastKnownFileType = image.png; name = "Default@2x.png"; path = "Resources/splash/Default@2x.png"; sourceTree = "<group>"; };
		EF1E09CB144951F1006E9635 /* Capture.bundle */ = {isa = PBXFileReference; lastKnownFileType = "wrapper.plug-in"; name = Capture.bundle; path = Resources/Capture.bundle; sourceTree = "<group>"; };
		EF1E09CD144951F1006E9635 /* PhoneGap.plist */ = {isa = PBXFileReference; lastKnownFileType = text.plist.xml; path = PhoneGap.plist; sourceTree = "<group>"; };
		EF1E09D0144951F1006E9635 /* AppDelegate.h */ = {isa = PBXFileReference; lastKnownFileType = sourcecode.c.h; name = AppDelegate.h; path = Classes/AppDelegate.h; sourceTree = "<group>"; };
		EF1E09D1144951F1006E9635 /* AppDelegate.m */ = {isa = PBXFileReference; lastKnownFileType = sourcecode.c.objc; name = AppDelegate.m; path = Classes/AppDelegate.m; sourceTree = "<group>"; };
		EF1E09D4144951F1006E9635 /* README */ = {isa = PBXFileReference; lastKnownFileType = text; name = README; path = Plugins/README; sourceTree = "<group>"; };
		EF1E09DA14495245006E9635 /* www */ = {isa = PBXFileReference; lastKnownFileType = folder; path = www; sourceTree = "<group>"; };
/* End PBXFileReference section */

/* Begin PBXFrameworksBuildPhase section */
		EF1E0987144951F1006E9635 /* Frameworks */ = {
			isa = PBXFrameworksBuildPhase;
			buildActionMask = 2147483647;
			files = (
				EF1E0992144951F1006E9635 /* Foundation.framework in Frameworks */,
				EF1E0994144951F1006E9635 /* UIKit.framework in Frameworks */,
				EF1E0996144951F1006E9635 /* CoreGraphics.framework in Frameworks */,
				EF1E0998144951F1006E9635 /* AddressBook.framework in Frameworks */,
				EF1E099A144951F1006E9635 /* AddressBookUI.framework in Frameworks */,
				EF1E099C144951F1006E9635 /* AudioToolbox.framework in Frameworks */,
				EF1E099E144951F1006E9635 /* AVFoundation.framework in Frameworks */,
				EF1E09A0144951F1006E9635 /* CoreLocation.framework in Frameworks */,
				EF1E09A2144951F1006E9635 /* MediaPlayer.framework in Frameworks */,
				EF1E09A4144951F1006E9635 /* QuartzCore.framework in Frameworks */,
				EF1E09A6144951F1006E9635 /* SystemConfiguration.framework in Frameworks */,
				EF1E09A8144951F1006E9635 /* MobileCoreServices.framework in Frameworks */,
				EF1E09AA144951F1006E9635 /* CoreMedia.framework in Frameworks */,
				EF1E09B5144951F1006E9635 /* PhoneGap.framework in Frameworks */,
			);
			runOnlyForDeploymentPostprocessing = 0;
		};
		EF1E098A144951F1006E9635 /* Frameworks */ = {
			isa = PBXFrameworksBuildPhase;
			buildActionMask = 2147483647;
			files = (
			);
			runOnlyForDeploymentPostprocessing = 0;
		};
/* End PBXFrameworksBuildPhase section */

/* Begin PBXGroup section */
		EF1E097F144951F1006E9635 = {
			isa = PBXGroup;
			children = (
				EF1E09DA14495245006E9635 /* www */,
				EF1E09AB144951F1006E9635 /* MindTheGap */,
				EF1E0990144951F1006E9635 /* Frameworks */,
				EF1E098E144951F1006E9635 /* Products */,
			);
			sourceTree = "<group>";
		};
		EF1E098E144951F1006E9635 /* Products */ = {
			isa = PBXGroup;
			children = (
				EF1E098D144951F1006E9635 /* MindTheGap.app */,
			);
			name = Products;
			sourceTree = "<group>";
		};
		EF1E0990144951F1006E9635 /* Frameworks */ = {
			isa = PBXGroup;
			children = (
				EF1E0991144951F1006E9635 /* Foundation.framework */,
				EF1E0993144951F1006E9635 /* UIKit.framework */,
				EF1E0995144951F1006E9635 /* CoreGraphics.framework */,
				EF1E0997144951F1006E9635 /* AddressBook.framework */,
				EF1E0999144951F1006E9635 /* AddressBookUI.framework */,
				EF1E099B144951F1006E9635 /* AudioToolbox.framework */,
				EF1E099D144951F1006E9635 /* AVFoundation.framework */,
				EF1E099F144951F1006E9635 /* CoreLocation.framework */,
				EF1E09A1144951F1006E9635 /* MediaPlayer.framework */,
				EF1E09A3144951F1006E9635 /* QuartzCore.framework */,
				EF1E09A5144951F1006E9635 /* SystemConfiguration.framework */,
				EF1E09A7144951F1006E9635 /* MobileCoreServices.framework */,
				EF1E09A9144951F1006E9635 /* CoreMedia.framework */,
			);
			name = Frameworks;
			sourceTree = "<group>";
		};
		EF1E09AB144951F1006E9635 /* MindTheGap */ = {
			isa = PBXGroup;
			children = (
				EF1E09B4144951F1006E9635 /* PhoneGap.framework */,
				EF1E09B6144951F1006E9635 /* Resources */,
				EF1E09CF144951F1006E9635 /* Classes */,
				EF1E09D3144951F1006E9635 /* Plugins */,
				EF1E09AC144951F1006E9635 /* Supporting Files */,
			);
			path = MindTheGap;
			sourceTree = "<group>";
		};
		EF1E09AC144951F1006E9635 /* Supporting Files */ = {
			isa = PBXGroup;
			children = (
				EF1E09AD144951F1006E9635 /* MindTheGap-Info.plist */,
				EF1E09AE144951F1006E9635 /* InfoPlist.strings */,
				EF1E09B1144951F1006E9635 /* MindTheGap-Prefix.pch */,
				EF1E09B2144951F1006E9635 /* main.m */,
				EF1E09CD144951F1006E9635 /* PhoneGap.plist */,
			);
			name = "Supporting Files";
			sourceTree = "<group>";
		};
		EF1E09B6144951F1006E9635 /* Resources */ = {
			isa = PBXGroup;
			children = (
				EF1E09CB144951F1006E9635 /* Capture.bundle */,
				EF1E09B7144951F1006E9635 /* en.lproj */,
				EF1E09BB144951F1006E9635 /* es.lproj */,
				EF1E09BF144951F1006E9635 /* icons */,
				EF1E09C6144951F1006E9635 /* splash */,
			);
			name = Resources;
			sourceTree = "<group>";
		};
		EF1E09B7144951F1006E9635 /* en.lproj */ = {
			isa = PBXGroup;
			children = (
				EF1E09B8144951F1006E9635 /* Localizable.strings */,
			);
			name = en.lproj;
			sourceTree = "<group>";
		};
		EF1E09BB144951F1006E9635 /* es.lproj */ = {
			isa = PBXGroup;
			children = (
				EF1E09BC144951F1006E9635 /* Localizable.strings */,
			);
			name = es.lproj;
			sourceTree = "<group>";
		};
		EF1E09BF144951F1006E9635 /* icons */ = {
			isa = PBXGroup;
			children = (
				EF1E09C0144951F1006E9635 /* icon.png */,
				EF1E09C2144951F1006E9635 /* icon@2x.png */,
				EF1E09C4144951F1006E9635 /* icon-72.png */,
			);
			name = icons;
			sourceTree = "<group>";
		};
		EF1E09C6144951F1006E9635 /* splash */ = {
			isa = PBXGroup;
			children = (
				EF1E09C7144951F1006E9635 /* Default.png */,
				EF1E09C9144951F1006E9635 /* Default@2x.png */,
			);
			name = splash;
			sourceTree = "<group>";
		};
		EF1E09CF144951F1006E9635 /* Classes */ = {
			isa = PBXGroup;
			children = (
				EF1E09D0144951F1006E9635 /* AppDelegate.h */,
				EF1E09D1144951F1006E9635 /* AppDelegate.m */,
			);
			name = Classes;
			sourceTree = "<group>";
		};
		EF1E09D3144951F1006E9635 /* Plugins */ = {
			isa = PBXGroup;
			children = (
				EF1E09D4144951F1006E9635 /* README */,
			);
			name = Plugins;
			sourceTree = "<group>";
		};
/* End PBXGroup section */

/* Begin PBXNativeTarget section */
		EF1E098C144951F1006E9635 /* MindTheGap */ = {
			isa = PBXNativeTarget;
			buildConfigurationList = EF1E09D7144951F1006E9635 /* Build configuration list for PBXNativeTarget "MindTheGap" */;
			buildPhases = (
				EF1E0986144951F1006E9635 /* Sources */,
				EF1E0987144951F1006E9635 /* Frameworks */,
				EF1E0988144951F1006E9635 /* Resources */,
				EF1E0989144951F1006E9635 /* Sources */,
				EF1E098A144951F1006E9635 /* Frameworks */,
				EF1E098B144951F1006E9635 /* ShellScript */,
			);
			buildRules = (
			);
			dependencies = (
			);
			name = MindTheGap;
			productName = MindTheGap;
			productReference = EF1E098D144951F1006E9635 /* MindTheGap.app */;
			productType = "com.apple.product-type.application";
		};
/* End PBXNativeTarget section */

/* Begin PBXProject section */
		EF1E0981144951F1006E9635 /* Project object */ = {
			isa = PBXProject;
			buildConfigurationList = EF1E0984144951F1006E9635 /* Build configuration list for PBXProject "MindTheGap" */;
			compatibilityVersion = "Xcode 3.2";
			developmentRegion = English;
			hasScannedForEncodings = 0;
			knownRegions = (
				en,
				es,
			);
			mainGroup = EF1E097F144951F1006E9635;
			productRefGroup = EF1E098E144951F1006E9635 /* Products */;
			projectDirPath = "";
			projectRoot = "";
			targets = (
				EF1E098C144951F1006E9635 /* MindTheGap */,
			);
		};
/* End PBXProject section */

/* Begin PBXResourcesBuildPhase section */
		EF1E0988144951F1006E9635 /* Resources */ = {
			isa = PBXResourcesBuildPhase;
			buildActionMask = 2147483647;
			files = (
				EF1E09B0144951F1006E9635 /* InfoPlist.strings in Resources */,
				EF1E09BA144951F1006E9635 /* Localizable.strings in Resources */,
				EF1E09BE144951F1006E9635 /* Localizable.strings in Resources */,
				EF1E09C1144951F1006E9635 /* icon.png in Resources */,
				EF1E09C3144951F1006E9635 /* icon@2x.png in Resources */,
				EF1E09C5144951F1006E9635 /* icon-72.png in Resources */,
				EF1E09C8144951F1006E9635 /* Default.png in Resources */,
				EF1E09CA144951F1006E9635 /* Default@2x.png in Resources */,
				EF1E09CC144951F1006E9635 /* Capture.bundle in Resources */,
				EF1E09CE144951F1006E9635 /* PhoneGap.plist in Resources */,
				EF1E09DB14495245006E9635 /* www in Resources */,
			);
			runOnlyForDeploymentPostprocessing = 0;
		};
/* End PBXResourcesBuildPhase section */

/* Begin PBXShellScriptBuildPhase section */
		EF1E098B144951F1006E9635 /* ShellScript */ = {
			isa = PBXShellScriptBuildPhase;
			buildActionMask = 2147483647;
			files = (
			);
			inputPaths = (
			);
			outputPaths = (
			);
			runOnlyForDeploymentPostprocessing = 0;
			shellPath = /bin/bash;
			shellScript = "\n\t\t\t\t\t\t\t\tif [ ! -d \"$PROJECT_DIR/www\" ] ; then\n\t\t\t\t\t\t\t\t\tcp -R /Users/Shared/PhoneGap/Frameworks/PhoneGap.framework/www \"$PROJECT_DIR\"\n\t\t\t\t\t\t\t\tfi\n\t\t\t\t\t\t\t\t# detect www folder reference in project, if missing, print warning\n\t\t\t\t\t\t\t\tgrep \"{isa = PBXFileReference; lastKnownFileType = folder; path = www; sourceTree = \\\"<group>\\\"; };\" \"$PROJECT_DIR/$PROJECT_NAME.xcodeproj/project.pbxproj\"\n\t\t\t\t\t\t\t\trc=$? \n\t\t\t\t\t\t\t\tif [ $rc != 0 ] ; then\n\t\t\t\t\t\t\t\techo -e \"warning: Missing - Add $PROJECT_DIR/www as a folder reference in your project. Just drag and drop the folder into your project, into the Project Navigator of Xcode 4. Make sure you select the second radio-button: 'Create folder references for any added folders' (which will create a blue folder)\" 1>&2\n\t\t\t\t\t\t\t\tfi\t\t\t\t\t\t\t";
		};
/* End PBXShellScriptBuildPhase section */

/* Begin PBXSourcesBuildPhase section */
		EF1E0986144951F1006E9635 /* Sources */ = {
			isa = PBXSourcesBuildPhase;
			buildActionMask = 2147483647;
			files = (
				EF1E09B3144951F1006E9635 /* main.m in Sources */,
				EF1E09D2144951F1006E9635 /* AppDelegate.m in Sources */,
			);
			runOnlyForDeploymentPostprocessing = 0;
		};
		EF1E0989144951F1006E9635 /* Sources */ = {
			isa = PBXSourcesBuildPhase;
			buildActionMask = 2147483647;
			files = (
			);
			runOnlyForDeploymentPostprocessing = 0;
		};
/* End PBXSourcesBuildPhase section */

/* Begin PBXVariantGroup section */
		EF1E09AE144951F1006E9635 /* InfoPlist.strings */ = {
			isa = PBXVariantGroup;
			children = (
				EF1E09AF144951F1006E9635 /* en */,
			);
			name = InfoPlist.strings;
			sourceTree = "<group>";
		};
		EF1E09B8144951F1006E9635 /* Localizable.strings */ = {
			isa = PBXVariantGroup;
			children = (
				EF1E09B9144951F1006E9635 /* en */,
			);
			name = Localizable.strings;
			sourceTree = "<group>";
		};
		EF1E09BC144951F1006E9635 /* Localizable.strings */ = {
			isa = PBXVariantGroup;
			children = (
				EF1E09BD144951F1006E9635 /* es */,
			);
			name = Localizable.strings;
			sourceTree = "<group>";
		};
/* End PBXVariantGroup section */

/* Begin XCBuildConfiguration section */
		EF1E09D5144951F1006E9635 /* Debug */ = {
			isa = XCBuildConfiguration;
			buildSettings = {
				ARCHS = "$(ARCHS_STANDARD_32_BIT)";
				"CODE_SIGN_IDENTITY[sdk=iphoneos*]" = "iPhone Developer";
				GCC_C_LANGUAGE_STANDARD = gnu99;
				GCC_OPTIMIZATION_LEVEL = 0;
				GCC_PREPROCESSOR_DEFINITIONS = DEBUG;
				GCC_SYMBOLS_PRIVATE_EXTERN = NO;
				GCC_VERSION = com.apple.compilers.llvmgcc42;
				GCC_WARN_ABOUT_RETURN_TYPE = YES;
				GCC_WARN_UNUSED_VARIABLE = YES;
				IPHONEOS_DEPLOYMENT_TARGET = 3.0;
				SDKROOT = iphoneos;
			};
			name = Debug;
		};
		EF1E09D6144951F1006E9635 /* Release */ = {
			isa = XCBuildConfiguration;
			buildSettings = {
				ARCHS = "$(ARCHS_STANDARD_32_BIT)";
				"CODE_SIGN_IDENTITY[sdk=iphoneos*]" = "iPhone Developer";
				GCC_C_LANGUAGE_STANDARD = gnu99;
				GCC_VERSION = com.apple.compilers.llvmgcc42;
				GCC_WARN_ABOUT_RETURN_TYPE = YES;
				GCC_WARN_UNUSED_VARIABLE = YES;
				IPHONEOS_DEPLOYMENT_TARGET = 3.0;
				SDKROOT = iphoneos;
			};
			name = Release;
		};
		EF1E09D8144951F1006E9635 /* Debug */ = {
			isa = XCBuildConfiguration;
			buildSettings = {
				ALWAYS_SEARCH_USER_PATHS = YES;
				COPY_PHASE_STRIP = NO;
				FRAMEWORK_SEARCH_PATHS = /Users/Shared/PhoneGap/Frameworks;
				GCC_DYNAMIC_NO_PIC = NO;
				GCC_PRECOMPILE_PREFIX_HEADER = YES;
				GCC_PREFIX_HEADER = "MindTheGap/MindTheGap-Prefix.pch";
				GCC_PREPROCESSOR_DEFINITIONS = "PHONEGAP_FRAMEWORK=YES";
				INFOPLIST_FILE = "MindTheGap/MindTheGap-Info.plist";
				OTHER_LDFLAGS = (
					"-weak_framework",
					UIKit,
					"-weak_framework",
					AVFoundation,
					"-weak_framework",
					CoreMedia,
					"-weak_library",
					/usr/lib/libSystem.B.dylib,
				);
				PRODUCT_NAME = "$(TARGET_NAME)";
				TARGETED_DEVICE_FAMILY = 1;
				WRAPPER_EXTENSION = app;
			};
			name = Debug;
		};
		EF1E09D9144951F1006E9635 /* Release */ = {
			isa = XCBuildConfiguration;
			buildSettings = {
				ALWAYS_SEARCH_USER_PATHS = YES;
				COPY_PHASE_STRIP = YES;
				DEBUG_INFORMATION_FORMAT = "dwarf-with-dsym";
				FRAMEWORK_SEARCH_PATHS = /Users/Shared/PhoneGap/Frameworks;
				GCC_PRECOMPILE_PREFIX_HEADER = YES;
				GCC_PREFIX_HEADER = "MindTheGap/MindTheGap-Prefix.pch";
				GCC_PREPROCESSOR_DEFINITIONS = "PHONEGAP_FRAMEWORK=YES";
				INFOPLIST_FILE = "MindTheGap/MindTheGap-Info.plist";
				OTHER_LDFLAGS = (
					"-weak_framework",
					UIKit,
					"-weak_framework",
					AVFoundation,
					"-weak_framework",
					CoreMedia,
					"-weak_library",
					/usr/lib/libSystem.B.dylib,
				);
				PRODUCT_NAME = "$(TARGET_NAME)";
				TARGETED_DEVICE_FAMILY = 1;
				VALIDATE_PRODUCT = YES;
				WRAPPER_EXTENSION = app;
			};
			name = Release;
		};
/* End XCBuildConfiguration section */

/* Begin XCConfigurationList section */
		EF1E0984144951F1006E9635 /* Build configuration list for PBXProject "MindTheGap" */ = {
			isa = XCConfigurationList;
			buildConfigurations = (
				EF1E09D5144951F1006E9635 /* Debug */,
				EF1E09D6144951F1006E9635 /* Release */,
			);
			defaultConfigurationIsVisible = 0;
			defaultConfigurationName = Release;
		};
		EF1E09D7144951F1006E9635 /* Build configuration list for PBXNativeTarget "MindTheGap" */ = {
			isa = XCConfigurationList;
			buildConfigurations = (
				EF1E09D8144951F1006E9635 /* Debug */,
				EF1E09D9144951F1006E9635 /* Release */,
			);
			defaultConfigurationIsVisible = 0;
			defaultConfigurationName = Release;
		};
/* End XCConfigurationList section */
	};
	rootObject = EF1E0981144951F1006E9635 /* Project object */;
}
